# This file is @generated by PDM.
# It is not intended for manual editing.

[metadata]
groups = ["default", "dev"]
strategy = ["cross_platform"]
lock_version = "4.4"
content_hash = "sha256:8df198540f3e084b9da5d5a59af31afc2b767887028dad88ceb3095e2f736378"

[[package]]
name = "asttokens"
version = "2.4.1"
summary = "Annotate AST trees with source code positions"
dependencies = [
    "six>=1.12.0",
]
files = [
    {file = "asttokens-2.4.1-py2.py3-none-any.whl", hash = "sha256:051ed49c3dcae8913ea7cd08e46a606dba30b79993209636c4875bc1d637bc24"},
    {file = "asttokens-2.4.1.tar.gz", hash = "sha256:b03869718ba9a6eb027e134bfdf69f38a236d681c83c160d510768af11254ba0"},
]

[[package]]
name = "black"
version = "23.11.0"
requires_python = ">=3.8"
summary = "The uncompromising code formatter."
dependencies = [
    "click>=8.0.0",
    "mypy-extensions>=0.4.3",
    "packaging>=22.0",
    "pathspec>=0.9.0",
    "platformdirs>=2",
]
files = [
    {file = "black-23.11.0-cp311-cp311-macosx_10_9_x86_64.whl", hash = "sha256:cf57719e581cfd48c4efe28543fea3d139c6b6f1238b3f0102a9c73992cbb479"},
    {file = "black-23.11.0-cp311-cp311-macosx_11_0_arm64.whl", hash = "sha256:698c1e0d5c43354ec5d6f4d914d0d553a9ada56c85415700b81dc90125aac244"},
    {file = "black-23.11.0-cp311-cp311-manylinux_2_17_x86_64.manylinux2014_x86_64.whl", hash = "sha256:760415ccc20f9e8747084169110ef75d545f3b0932ee21368f63ac0fee86b221"},
    {file = "black-23.11.0-cp311-cp311-win_amd64.whl", hash = "sha256:58e5f4d08a205b11800332920e285bd25e1a75c54953e05502052738fe16b3b5"},
    {file = "black-23.11.0-py3-none-any.whl", hash = "sha256:54caaa703227c6e0c87b76326d0862184729a69b73d3b7305b6288e1d830067e"},
    {file = "black-23.11.0.tar.gz", hash = "sha256:4c68855825ff432d197229846f971bc4d6666ce90492e5b02013bcaca4d9ab05"},
]

[[package]]
name = "black"
version = "23.11.0"
extras = ["jupyter"]
requires_python = ">=3.8"
summary = "The uncompromising code formatter."
dependencies = [
    "black==23.11.0",
    "ipython>=7.8.0",
    "tokenize-rt>=3.2.0",
]
files = [
    {file = "black-23.11.0-cp311-cp311-macosx_10_9_x86_64.whl", hash = "sha256:cf57719e581cfd48c4efe28543fea3d139c6b6f1238b3f0102a9c73992cbb479"},
    {file = "black-23.11.0-cp311-cp311-macosx_11_0_arm64.whl", hash = "sha256:698c1e0d5c43354ec5d6f4d914d0d553a9ada56c85415700b81dc90125aac244"},
    {file = "black-23.11.0-cp311-cp311-manylinux_2_17_x86_64.manylinux2014_x86_64.whl", hash = "sha256:760415ccc20f9e8747084169110ef75d545f3b0932ee21368f63ac0fee86b221"},
    {file = "black-23.11.0-cp311-cp311-win_amd64.whl", hash = "sha256:58e5f4d08a205b11800332920e285bd25e1a75c54953e05502052738fe16b3b5"},
    {file = "black-23.11.0-py3-none-any.whl", hash = "sha256:54caaa703227c6e0c87b76326d0862184729a69b73d3b7305b6288e1d830067e"},
    {file = "black-23.11.0.tar.gz", hash = "sha256:4c68855825ff432d197229846f971bc4d6666ce90492e5b02013bcaca4d9ab05"},
]

[[package]]
name = "cfgv"
version = "3.4.0"
requires_python = ">=3.8"
summary = "Validate configuration and produce human readable error messages."
files = [
    {file = "cfgv-3.4.0-py2.py3-none-any.whl", hash = "sha256:b7265b1f29fd3316bfcd2b330d63d024f2bfd8bcb8b0272f8e19a504856c48f9"},
    {file = "cfgv-3.4.0.tar.gz", hash = "sha256:e52591d4c5f5dead8e0f673fb16db7949d2cfb3f7da4582893288f0ded8fe560"},
]

[[package]]
name = "click"
version = "8.1.7"
requires_python = ">=3.7"
summary = "Composable command line interface toolkit"
dependencies = [
    "colorama; platform_system == \"Windows\"",
]
files = [
    {file = "click-8.1.7-py3-none-any.whl", hash = "sha256:ae74fb96c20a0277a1d615f1e4d73c8414f5a98db8b799a7931d1582f3390c28"},
    {file = "click-8.1.7.tar.gz", hash = "sha256:ca9853ad459e787e2192211578cc907e7594e294c7ccc834310722b41b9ca6de"},
]

[[package]]
name = "colorama"
version = "0.4.6"
requires_python = "!=3.0.*,!=3.1.*,!=3.2.*,!=3.3.*,!=3.4.*,!=3.5.*,!=3.6.*,>=2.7"
summary = "Cross-platform colored terminal text."
files = [
    {file = "colorama-0.4.6-py2.py3-none-any.whl", hash = "sha256:4f1d9991f5acc0ca119f9d443620b77f9d6b33703e51011c16baf57afb285fc6"},
    {file = "colorama-0.4.6.tar.gz", hash = "sha256:08695f5cb7ed6e0531a20572697297273c47b8cae5a63ffc6d6ed5c201be6e44"},
]

[[package]]
name = "decorator"
version = "5.1.1"
requires_python = ">=3.5"
summary = "Decorators for Humans"
files = [
    {file = "decorator-5.1.1-py3-none-any.whl", hash = "sha256:b8c3f85900b9dc423225913c5aace94729fe1fa9763b38939a95226f02d37186"},
    {file = "decorator-5.1.1.tar.gz", hash = "sha256:637996211036b6385ef91435e4fae22989472f9d571faba8927ba8253acbc330"},
]

[[package]]
name = "distlib"
version = "0.3.7"
summary = "Distribution utilities"
files = [
    {file = "distlib-0.3.7-py2.py3-none-any.whl", hash = "sha256:2e24928bc811348f0feb63014e97aaae3037f2cf48712d51ae61df7fd6075057"},
    {file = "distlib-0.3.7.tar.gz", hash = "sha256:9dafe54b34a028eafd95039d5e5d4851a13734540f1331060d31c9916e7147a8"},
]

[[package]]
name = "et-xmlfile"
version = "1.1.0"
requires_python = ">=3.6"
summary = "An implementation of lxml.xmlfile for the standard library"
files = [
    {file = "et_xmlfile-1.1.0-py3-none-any.whl", hash = "sha256:a2ba85d1d6a74ef63837eed693bcb89c3f752169b0e3e7ae5b16ca5e1b3deada"},
    {file = "et_xmlfile-1.1.0.tar.gz", hash = "sha256:8eb9e2bc2f8c97e37a2dc85a09ecdcdec9d8a396530a6d5a33b30b9a92da0c5c"},
]

[[package]]
name = "executing"
version = "2.0.1"
requires_python = ">=3.5"
summary = "Get the currently executing AST node of a frame, and other information"
files = [
    {file = "executing-2.0.1-py2.py3-none-any.whl", hash = "sha256:eac49ca94516ccc753f9fb5ce82603156e590b27525a8bc32cce8ae302eb61bc"},
    {file = "executing-2.0.1.tar.gz", hash = "sha256:35afe2ce3affba8ee97f2d69927fa823b08b472b7b994e36a52a964b93d16147"},
]

[[package]]
name = "filelock"
version = "3.13.1"
requires_python = ">=3.8"
summary = "A platform independent file lock."
files = [
    {file = "filelock-3.13.1-py3-none-any.whl", hash = "sha256:57dbda9b35157b05fb3e58ee91448612eb674172fab98ee235ccb0b5bee19a1c"},
    {file = "filelock-3.13.1.tar.gz", hash = "sha256:521f5f56c50f8426f5e03ad3b281b490a87ef15bc6c526f168290f0c7148d44e"},
]

[[package]]
name = "identify"
version = "2.5.32"
requires_python = ">=3.8"
summary = "File identification library for Python"
files = [
    {file = "identify-2.5.32-py2.py3-none-any.whl", hash = "sha256:0b7656ef6cba81664b783352c73f8c24b39cf82f926f78f4550eda928e5e0545"},
    {file = "identify-2.5.32.tar.gz", hash = "sha256:5d9979348ec1a21c768ae07e0a652924538e8bce67313a73cb0f681cf08ba407"},
]

[[package]]
name = "ipython"
version = "8.18.1"
requires_python = ">=3.9"
summary = "IPython: Productive Interactive Computing"
dependencies = [
    "colorama; sys_platform == \"win32\"",
    "decorator",
    "jedi>=0.16",
    "matplotlib-inline",
    "pexpect>4.3; sys_platform != \"win32\"",
    "prompt-toolkit<3.1.0,>=3.0.41",
    "pygments>=2.4.0",
    "stack-data",
    "traitlets>=5",
]
files = [
    {file = "ipython-8.18.1-py3-none-any.whl", hash = "sha256:e8267419d72d81955ec1177f8a29aaa90ac80ad647499201119e2f05e99aa397"},
    {file = "ipython-8.18.1.tar.gz", hash = "sha256:ca6f079bb33457c66e233e4580ebfc4128855b4cf6370dddd73842a9563e8a27"},
]

[[package]]
name = "jedi"
version = "0.19.1"
requires_python = ">=3.6"
summary = "An autocompletion tool for Python that can be used for text editors."
dependencies = [
    "parso<0.9.0,>=0.8.3",
]
files = [
    {file = "jedi-0.19.1-py2.py3-none-any.whl", hash = "sha256:e983c654fe5c02867aef4cdfce5a2fbb4a50adc0af145f70504238f18ef5e7e0"},
    {file = "jedi-0.19.1.tar.gz", hash = "sha256:cf0496f3651bc65d7174ac1b7d043eff454892c708a87d1b683e57b569927ffd"},
]

[[package]]
name = "matplotlib-inline"
version = "0.1.6"
requires_python = ">=3.5"
summary = "Inline Matplotlib backend for Jupyter"
dependencies = [
    "traitlets",
]
files = [
    {file = "matplotlib-inline-0.1.6.tar.gz", hash = "sha256:f887e5f10ba98e8d2b150ddcf4702c1e5f8b3a20005eb0f74bfdbd360ee6f304"},
    {file = "matplotlib_inline-0.1.6-py3-none-any.whl", hash = "sha256:f1f41aab5328aa5aaea9b16d083b128102f8712542f819fe7e6a420ff581b311"},
]

[[package]]
name = "mypy-extensions"
version = "1.0.0"
requires_python = ">=3.5"
summary = "Type system extensions for programs checked with the mypy type checker."
files = [
    {file = "mypy_extensions-1.0.0-py3-none-any.whl", hash = "sha256:4392f6c0eb8a5668a69e23d168ffa70f0be9ccfd32b5cc2d26a34ae5b844552d"},
    {file = "mypy_extensions-1.0.0.tar.gz", hash = "sha256:75dbf8955dc00442a438fc4d0666508a9a97b6bd41aa2f0ffe9d2f2725af0782"},
]

[[package]]
name = "nodeenv"
version = "1.8.0"
requires_python = ">=2.7,!=3.0.*,!=3.1.*,!=3.2.*,!=3.3.*,!=3.4.*,!=3.5.*,!=3.6.*"
summary = "Node.js virtual environment builder"
dependencies = [
    "setuptools",
]
files = [
    {file = "nodeenv-1.8.0-py2.py3-none-any.whl", hash = "sha256:df865724bb3c3adc86b3876fa209771517b0cfe596beff01a92700e0e8be4cec"},
    {file = "nodeenv-1.8.0.tar.gz", hash = "sha256:d51e0c37e64fbf47d017feac3145cdbb58836d7eee8c6f6d3b6880c5456227d2"},
]

[[package]]
name = "numpy"
version = "1.26.2"
requires_python = ">=3.9"
summary = "Fundamental package for array computing in Python"
files = [
    {file = "numpy-1.26.2-cp311-cp311-macosx_10_9_x86_64.whl", hash = "sha256:b96e7b9c624ef3ae2ae0e04fa9b460f6b9f17ad8b4bec6d7756510f1f6c0c841"},
    {file = "numpy-1.26.2-cp311-cp311-macosx_11_0_arm64.whl", hash = "sha256:aa18428111fb9a591d7a9cc1b48150097ba6a7e8299fb56bdf574df650e7d1f1"},
    {file = "numpy-1.26.2-cp311-cp311-manylinux_2_17_aarch64.manylinux2014_aarch64.whl", hash = "sha256:06fa1ed84aa60ea6ef9f91ba57b5ed963c3729534e6e54055fc151fad0423f0a"},
    {file = "numpy-1.26.2-cp311-cp311-manylinux_2_17_x86_64.manylinux2014_x86_64.whl", hash = "sha256:96ca5482c3dbdd051bcd1fce8034603d6ebfc125a7bd59f55b40d8f5d246832b"},
    {file = "numpy-1.26.2-cp311-cp311-musllinux_1_1_aarch64.whl", hash = "sha256:854ab91a2906ef29dc3925a064fcd365c7b4da743f84b123002f6139bcb3f8a7"},
    {file = "numpy-1.26.2-cp311-cp311-musllinux_1_1_x86_64.whl", hash = "sha256:f43740ab089277d403aa07567be138fc2a89d4d9892d113b76153e0e412409f8"},
    {file = "numpy-1.26.2-cp311-cp311-win32.whl", hash = "sha256:a2bbc29fcb1771cd7b7425f98b05307776a6baf43035d3b80c4b0f29e9545186"},
    {file = "numpy-1.26.2-cp311-cp311-win_amd64.whl", hash = "sha256:2b3fca8a5b00184828d12b073af4d0fc5fdd94b1632c2477526f6bd7842d700d"},
    {file = "numpy-1.26.2-cp312-cp312-macosx_10_9_x86_64.whl", hash = "sha256:a4cd6ed4a339c21f1d1b0fdf13426cb3b284555c27ac2f156dfdaaa7e16bfab0"},
    {file = "numpy-1.26.2-cp312-cp312-macosx_11_0_arm64.whl", hash = "sha256:5d5244aabd6ed7f312268b9247be47343a654ebea52a60f002dc70c769048e75"},
    {file = "numpy-1.26.2-cp312-cp312-manylinux_2_17_aarch64.manylinux2014_aarch64.whl", hash = "sha256:6a3cdb4d9c70e6b8c0814239ead47da00934666f668426fc6e94cce869e13fd7"},
    {file = "numpy-1.26.2-cp312-cp312-manylinux_2_17_x86_64.manylinux2014_x86_64.whl", hash = "sha256:aa317b2325f7aa0a9471663e6093c210cb2ae9c0ad824732b307d2c51983d5b6"},
    {file = "numpy-1.26.2-cp312-cp312-musllinux_1_1_aarch64.whl", hash = "sha256:174a8880739c16c925799c018f3f55b8130c1f7c8e75ab0a6fa9d41cab092fd6"},
    {file = "numpy-1.26.2-cp312-cp312-musllinux_1_1_x86_64.whl", hash = "sha256:f79b231bf5c16b1f39c7f4875e1ded36abee1591e98742b05d8a0fb55d8a3eec"},
    {file = "numpy-1.26.2-cp312-cp312-win32.whl", hash = "sha256:4a06263321dfd3598cacb252f51e521a8cb4b6df471bb12a7ee5cbab20ea9167"},
    {file = "numpy-1.26.2-cp312-cp312-win_amd64.whl", hash = "sha256:b04f5dc6b3efdaab541f7857351aac359e6ae3c126e2edb376929bd3b7f92d7e"},
    {file = "numpy-1.26.2-pp39-pypy39_pp73-macosx_10_9_x86_64.whl", hash = "sha256:1cc3d5029a30fb5f06704ad6b23b35e11309491c999838c31f124fee32107c79"},
    {file = "numpy-1.26.2-pp39-pypy39_pp73-manylinux_2_17_x86_64.manylinux2014_x86_64.whl", hash = "sha256:94cc3c222bb9fb5a12e334d0479b97bb2df446fbe622b470928f5284ffca3f8d"},
    {file = "numpy-1.26.2-pp39-pypy39_pp73-win_amd64.whl", hash = "sha256:fe6b44fb8fcdf7eda4ef4461b97b3f63c466b27ab151bec2366db8b197387841"},
    {file = "numpy-1.26.2.tar.gz", hash = "sha256:f65738447676ab5777f11e6bbbdb8ce11b785e105f690bc45966574816b6d3ea"},
]

[[package]]
name = "openpyxl"
version = "3.1.2"
requires_python = ">=3.6"
summary = "A Python library to read/write Excel 2010 xlsx/xlsm files"
dependencies = [
    "et-xmlfile",
]
files = [
    {file = "openpyxl-3.1.2-py2.py3-none-any.whl", hash = "sha256:f91456ead12ab3c6c2e9491cf33ba6d08357d802192379bb482f1033ade496f5"},
    {file = "openpyxl-3.1.2.tar.gz", hash = "sha256:a6f5977418eff3b2d5500d54d9db50c8277a368436f4e4f8ddb1be3422870184"},
]

[[package]]
name = "packaging"
version = "23.2"
requires_python = ">=3.7"
summary = "Core utilities for Python packages"
files = [
    {file = "packaging-23.2-py3-none-any.whl", hash = "sha256:8c491190033a9af7e1d931d0b5dacc2ef47509b34dd0de67ed209b5203fc88c7"},
    {file = "packaging-23.2.tar.gz", hash = "sha256:048fb0e9405036518eaaf48a55953c750c11e1a1b68e0dd1a9d62ed0c092cfc5"},
]

[[package]]
name = "pandas"
version = "2.1.3"
requires_python = ">=3.9"
summary = "Powerful data structures for data analysis, time series, and statistics"
dependencies = [
    "numpy<2,>=1.23.2; python_version == \"3.11\"",
    "numpy<2,>=1.26.0; python_version >= \"3.12\"",
    "python-dateutil>=2.8.2",
    "pytz>=2020.1",
    "tzdata>=2022.1",
]
files = [
    {file = "pandas-2.1.3-cp311-cp311-macosx_10_9_x86_64.whl", hash = "sha256:04d4c58e1f112a74689da707be31cf689db086949c71828ef5da86727cfe3f82"},
    {file = "pandas-2.1.3-cp311-cp311-macosx_11_0_arm64.whl", hash = "sha256:7fa2ad4ff196768ae63a33f8062e6838efed3a319cf938fdf8b95e956c813042"},
    {file = "pandas-2.1.3-cp311-cp311-manylinux_2_17_aarch64.manylinux2014_aarch64.whl", hash = "sha256:4441ac94a2a2613e3982e502ccec3bdedefe871e8cea54b8775992485c5660ef"},
    {file = "pandas-2.1.3-cp311-cp311-manylinux_2_17_x86_64.manylinux2014_x86_64.whl", hash = "sha256:d5ded6ff28abbf0ea7689f251754d3789e1edb0c4d0d91028f0b980598418a58"},
    {file = "pandas-2.1.3-cp311-cp311-musllinux_1_1_x86_64.whl", hash = "sha256:fca5680368a5139d4920ae3dc993eb5106d49f814ff24018b64d8850a52c6ed2"},
    {file = "pandas-2.1.3-cp311-cp311-win_amd64.whl", hash = "sha256:de21e12bf1511190fc1e9ebc067f14ca09fccfb189a813b38d63211d54832f5f"},
    {file = "pandas-2.1.3-cp312-cp312-macosx_10_9_x86_64.whl", hash = "sha256:a5d53c725832e5f1645e7674989f4c106e4b7249c1d57549023ed5462d73b140"},
    {file = "pandas-2.1.3-cp312-cp312-macosx_11_0_arm64.whl", hash = "sha256:7cf4cf26042476e39394f1f86868d25b265ff787c9b2f0d367280f11afbdee6d"},
    {file = "pandas-2.1.3-cp312-cp312-manylinux_2_17_aarch64.manylinux2014_aarch64.whl", hash = "sha256:72c84ec1b1d8e5efcbff5312abe92bfb9d5b558f11e0cf077f5496c4f4a3c99e"},
    {file = "pandas-2.1.3-cp312-cp312-manylinux_2_17_x86_64.manylinux2014_x86_64.whl", hash = "sha256:1f539e113739a3e0cc15176bf1231a553db0239bfa47a2c870283fd93ba4f683"},
    {file = "pandas-2.1.3-cp312-cp312-musllinux_1_1_x86_64.whl", hash = "sha256:fc77309da3b55732059e484a1efc0897f6149183c522390772d3561f9bf96c00"},
    {file = "pandas-2.1.3-cp312-cp312-win_amd64.whl", hash = "sha256:08637041279b8981a062899da0ef47828df52a1838204d2b3761fbd3e9fcb549"},
    {file = "pandas-2.1.3.tar.gz", hash = "sha256:22929f84bca106921917eb73c1521317ddd0a4c71b395bcf767a106e3494209f"},
]

[[package]]
name = "parso"
version = "0.8.3"
requires_python = ">=3.6"
summary = "A Python Parser"
files = [
    {file = "parso-0.8.3-py2.py3-none-any.whl", hash = "sha256:c001d4636cd3aecdaf33cbb40aebb59b094be2a74c556778ef5576c175e19e75"},
    {file = "parso-0.8.3.tar.gz", hash = "sha256:8c07be290bb59f03588915921e29e8a50002acaf2cdc5fa0e0114f91709fafa0"},
]

[[package]]
name = "pathspec"
version = "0.11.2"
requires_python = ">=3.7"
summary = "Utility library for gitignore style pattern matching of file paths."
files = [
    {file = "pathspec-0.11.2-py3-none-any.whl", hash = "sha256:1d6ed233af05e679efb96b1851550ea95bbb64b7c490b0f5aa52996c11e92a20"},
    {file = "pathspec-0.11.2.tar.gz", hash = "sha256:e0d8d0ac2f12da61956eb2306b69f9469b42f4deb0f3cb6ed47b9cce9996ced3"},
]

[[package]]
name = "pexpect"
version = "4.9.0"
summary = "Pexpect allows easy control of interactive console applications."
dependencies = [
    "ptyprocess>=0.5",
]
files = [
    {file = "pexpect-4.9.0-py2.py3-none-any.whl", hash = "sha256:7236d1e080e4936be2dc3e326cec0af72acf9212a7e1d060210e70a47e253523"},
    {file = "pexpect-4.9.0.tar.gz", hash = "sha256:ee7d41123f3c9911050ea2c2dac107568dc43b2d3b0c7557a33212c398ead30f"},
]

[[package]]
name = "platformdirs"
version = "4.1.0"
requires_python = ">=3.8"
summary = "A small Python package for determining appropriate platform-specific dirs, e.g. a \"user data dir\"."
files = [
    {file = "platformdirs-4.1.0-py3-none-any.whl", hash = "sha256:11c8f37bcca40db96d8144522d925583bdb7a31f7b0e37e3ed4318400a8e2380"},
    {file = "platformdirs-4.1.0.tar.gz", hash = "sha256:906d548203468492d432bcb294d4bc2fff751bf84971fbb2c10918cc206ee420"},
]

[[package]]
name = "pre-commit"
version = "3.5.0"
requires_python = ">=3.8"
summary = "A framework for managing and maintaining multi-language pre-commit hooks."
dependencies = [
    "cfgv>=2.0.0",
    "identify>=1.0.0",
    "nodeenv>=0.11.1",
    "pyyaml>=5.1",
    "virtualenv>=20.10.0",
]
files = [
    {file = "pre_commit-3.5.0-py2.py3-none-any.whl", hash = "sha256:841dc9aef25daba9a0238cd27984041fa0467b4199fc4852e27950664919f660"},
    {file = "pre_commit-3.5.0.tar.gz", hash = "sha256:5804465c675b659b0862f07907f96295d490822a450c4c40e747d0b1c6ebcb32"},
]

[[package]]
name = "prompt-toolkit"
version = "3.0.41"
requires_python = ">=3.7.0"
summary = "Library for building powerful interactive command lines in Python"
dependencies = [
    "wcwidth",
]
files = [
    {file = "prompt_toolkit-3.0.41-py3-none-any.whl", hash = "sha256:f36fe301fafb7470e86aaf90f036eef600a3210be4decf461a5b1ca8403d3cb2"},
    {file = "prompt_toolkit-3.0.41.tar.gz", hash = "sha256:941367d97fc815548822aa26c2a269fdc4eb21e9ec05fc5d447cf09bad5d75f0"},
]

[[package]]
name = "ptyprocess"
version = "0.7.0"
summary = "Run a subprocess in a pseudo terminal"
files = [
    {file = "ptyprocess-0.7.0-py2.py3-none-any.whl", hash = "sha256:4b41f3967fce3af57cc7e94b888626c18bf37a083e3651ca8feeb66d492fef35"},
    {file = "ptyprocess-0.7.0.tar.gz", hash = "sha256:5c5d0a3b48ceee0b48485e0c26037c0acd7d29765ca3fbb5cb3831d347423220"},
]

[[package]]
name = "pure-eval"
version = "0.2.2"
summary = "Safely evaluate AST nodes without side effects"
files = [
    {file = "pure_eval-0.2.2-py3-none-any.whl", hash = "sha256:01eaab343580944bc56080ebe0a674b39ec44a945e6d09ba7db3cb8cec289350"},
    {file = "pure_eval-0.2.2.tar.gz", hash = "sha256:2b45320af6dfaa1750f543d714b6d1c520a1688dec6fd24d339063ce0aaa9ac3"},
]

[[package]]
name = "pygments"
version = "2.17.2"
requires_python = ">=3.7"
summary = "Pygments is a syntax highlighting package written in Python."
files = [
    {file = "pygments-2.17.2-py3-none-any.whl", hash = "sha256:b27c2826c47d0f3219f29554824c30c5e8945175d888647acd804ddd04af846c"},
    {file = "pygments-2.17.2.tar.gz", hash = "sha256:da46cec9fd2de5be3a8a784f434e4c4ab670b4ff54d605c4c2717e9d49c4c367"},
]

[[package]]
name = "python-dateutil"
version = "2.8.2"
requires_python = "!=3.0.*,!=3.1.*,!=3.2.*,>=2.7"
summary = "Extensions to the standard Python datetime module"
dependencies = [
    "six>=1.5",
]
files = [
    {file = "python-dateutil-2.8.2.tar.gz", hash = "sha256:0123cacc1627ae19ddf3c27a5de5bd67ee4586fbdd6440d9748f8abb483d3e86"},
    {file = "python_dateutil-2.8.2-py2.py3-none-any.whl", hash = "sha256:961d03dc3453ebbc59dbdea9e4e11c5651520a876d0f4db161e8674aae935da9"},
]

[[package]]
name = "pytz"
version = "2023.3.post1"
summary = "World timezone definitions, modern and historical"
files = [
    {file = "pytz-2023.3.post1-py2.py3-none-any.whl", hash = "sha256:ce42d816b81b68506614c11e8937d3aa9e41007ceb50bfdcb0749b921bf646c7"},
    {file = "pytz-2023.3.post1.tar.gz", hash = "sha256:7b4fddbeb94a1eba4b557da24f19fdf9db575192544270a9101d8509f9f43d7b"},
]

[[package]]
name = "pyyaml"
version = "6.0.1"
requires_python = ">=3.6"
summary = "YAML parser and emitter for Python"
files = [
    {file = "PyYAML-6.0.1-cp311-cp311-macosx_10_9_x86_64.whl", hash = "sha256:6965a7bc3cf88e5a1c3bd2e0b5c22f8d677dc88a455344035f03399034eb3007"},
    {file = "PyYAML-6.0.1-cp311-cp311-macosx_11_0_arm64.whl", hash = "sha256:f003ed9ad21d6a4713f0a9b5a7a0a79e08dd0f221aff4525a2be4c346ee60aab"},
    {file = "PyYAML-6.0.1-cp311-cp311-manylinux_2_17_aarch64.manylinux2014_aarch64.whl", hash = "sha256:42f8152b8dbc4fe7d96729ec2b99c7097d656dc1213a3229ca5383f973a5ed6d"},
    {file = "PyYAML-6.0.1-cp311-cp311-manylinux_2_17_s390x.manylinux2014_s390x.whl", hash = "sha256:062582fca9fabdd2c8b54a3ef1c978d786e0f6b3a1510e0ac93ef59e0ddae2bc"},
    {file = "PyYAML-6.0.1-cp311-cp311-manylinux_2_17_x86_64.manylinux2014_x86_64.whl", hash = "sha256:d2b04aac4d386b172d5b9692e2d2da8de7bfb6c387fa4f801fbf6fb2e6ba4673"},
    {file = "PyYAML-6.0.1-cp311-cp311-musllinux_1_1_x86_64.whl", hash = "sha256:e7d73685e87afe9f3b36c799222440d6cf362062f78be1013661b00c5c6f678b"},
    {file = "PyYAML-6.0.1-cp311-cp311-win32.whl", hash = "sha256:1635fd110e8d85d55237ab316b5b011de701ea0f29d07611174a1b42f1444741"},
    {file = "PyYAML-6.0.1-cp311-cp311-win_amd64.whl", hash = "sha256:bf07ee2fef7014951eeb99f56f39c9bb4af143d8aa3c21b1677805985307da34"},
    {file = "PyYAML-6.0.1-cp312-cp312-macosx_10_9_x86_64.whl", hash = "sha256:855fb52b0dc35af121542a76b9a84f8d1cd886ea97c84703eaa6d88e37a2ad28"},
    {file = "PyYAML-6.0.1-cp312-cp312-macosx_11_0_arm64.whl", hash = "sha256:40df9b996c2b73138957fe23a16a4f0ba614f4c0efce1e9406a184b6d07fa3a9"},
    {file = "PyYAML-6.0.1-cp312-cp312-manylinux_2_17_x86_64.manylinux2014_x86_64.whl", hash = "sha256:6c22bec3fbe2524cde73d7ada88f6566758a8f7227bfbf93a408a9d86bcc12a0"},
    {file = "PyYAML-6.0.1-cp312-cp312-musllinux_1_1_x86_64.whl", hash = "sha256:8d4e9c88387b0f5c7d5f281e55304de64cf7f9c0021a3525bd3b1c542da3b0e4"},
    {file = "PyYAML-6.0.1-cp312-cp312-win32.whl", hash = "sha256:d483d2cdf104e7c9fa60c544d92981f12ad66a457afae824d146093b8c294c54"},
    {file = "PyYAML-6.0.1-cp312-cp312-win_amd64.whl", hash = "sha256:0d3304d8c0adc42be59c5f8a4d9e3d7379e6955ad754aa9d6ab7a398b59dd1df"},
    {file = "PyYAML-6.0.1.tar.gz", hash = "sha256:bfdf460b1736c775f2ba9f6a92bca30bc2095067b8a9d77876d1fad6cc3b4a43"},
]

[[package]]
name = "setuptools"
version = "69.0.2"
requires_python = ">=3.8"
summary = "Easily download, build, install, upgrade, and uninstall Python packages"
files = [
    {file = "setuptools-69.0.2-py3-none-any.whl", hash = "sha256:1e8fdff6797d3865f37397be788a4e3cba233608e9b509382a2777d25ebde7f2"},
    {file = "setuptools-69.0.2.tar.gz", hash = "sha256:735896e78a4742605974de002ac60562d286fa8051a7e2299445e8e8fbb01aa6"},
]

[[package]]
name = "six"
version = "1.16.0"
requires_python = ">=2.7, !=3.0.*, !=3.1.*, !=3.2.*"
summary = "Python 2 and 3 compatibility utilities"
files = [
    {file = "six-1.16.0-py2.py3-none-any.whl", hash = "sha256:8abb2f1d86890a2dfb989f9a77cfcfd3e47c2a354b01111771326f8aa26e0254"},
    {file = "six-1.16.0.tar.gz", hash = "sha256:1e61c37477a1626458e36f7b1d82aa5c9b094fa4802892072e49de9c60c4c926"},
]

[[package]]
name = "stack-data"
version = "0.6.3"
summary = "Extract data from python stack frames and tracebacks for informative displays"
dependencies = [
    "asttokens>=2.1.0",
    "executing>=1.2.0",
    "pure-eval",
]
files = [
    {file = "stack_data-0.6.3-py3-none-any.whl", hash = "sha256:d5558e0c25a4cb0853cddad3d77da9891a08cb85dd9f9f91b9f8cd66e511e695"},
    {file = "stack_data-0.6.3.tar.gz", hash = "sha256:836a778de4fec4dcd1dcd89ed8abff8a221f58308462e1c4aa2a3cf30148f0b9"},
]

[[package]]
name = "tokenize-rt"
version = "5.2.0"
requires_python = ">=3.8"
summary = "A wrapper around the stdlib `tokenize` which roundtrips."
files = [
    {file = "tokenize_rt-5.2.0-py2.py3-none-any.whl", hash = "sha256:b79d41a65cfec71285433511b50271b05da3584a1da144a0752e9c621a285289"},
    {file = "tokenize_rt-5.2.0.tar.gz", hash = "sha256:9fe80f8a5c1edad2d3ede0f37481cc0cc1538a2f442c9c2f9e4feacd2792d054"},
]

[[package]]
name = "traitlets"
version = "5.14.0"
requires_python = ">=3.8"
summary = "Traitlets Python configuration system"
files = [
    {file = "traitlets-5.14.0-py3-none-any.whl", hash = "sha256:f14949d23829023013c47df20b4a76ccd1a85effb786dc060f34de7948361b33"},
    {file = "traitlets-5.14.0.tar.gz", hash = "sha256:fcdaa8ac49c04dfa0ed3ee3384ef6dfdb5d6f3741502be247279407679296772"},
]

[[package]]
name = "tzdata"
version = "2023.3"
requires_python = ">=2"
summary = "Provider of IANA time zone data"
files = [
    {file = "tzdata-2023.3-py2.py3-none-any.whl", hash = "sha256:7e65763eef3120314099b6939b5546db7adce1e7d6f2e179e3df563c70511eda"},
    {file = "tzdata-2023.3.tar.gz", hash = "sha256:11ef1e08e54acb0d4f95bdb1be05da659673de4acbd21bf9c69e94cc5e907a3a"},
]

[[package]]
name = "virtualenv"
version = "20.25.0"
requires_python = ">=3.7"
summary = "Virtual Python Environment builder"
dependencies = [
    "distlib<1,>=0.3.7",
    "filelock<4,>=3.12.2",
    "platformdirs<5,>=3.9.1",
]
files = [
    {file = "virtualenv-20.25.0-py3-none-any.whl", hash = "sha256:4238949c5ffe6876362d9c0180fc6c3a824a7b12b80604eeb8085f2ed7460de3"},
    {file = "virtualenv-20.25.0.tar.gz", hash = "sha256:bf51c0d9c7dd63ea8e44086fa1e4fb1093a31e963b86959257378aef020e1f1b"},
]

[[package]]
name = "wcwidth"
version = "0.2.12"
summary = "Measures the displayed width of unicode strings in a terminal"
files = [
    {file = "wcwidth-0.2.12-py2.py3-none-any.whl", hash = "sha256:f26ec43d96c8cbfed76a5075dac87680124fa84e0855195a6184da9c187f133c"},
    {file = "wcwidth-0.2.12.tar.gz", hash = "sha256:f01c104efdf57971bcb756f054dd58ddec5204dd15fa31d6503ea57947d97c02"},
]
